// !$*UTF8*$!
{
	archiveVersion = 1;
	classes = {
	};
	objectVersion = 77;
	objects = {

/* Begin PBXContainerItemProxy section */
		35C7C8C12D145C2F0054007F /* PBXContainerItemProxy */ = {
			isa = PBXContainerItemProxy;
			containerPortal = 35C7C8A82D145C2E0054007F /* Project object */;
			proxyType = 1;
			remoteGlobalIDString = 35C7C8AF2D145C2E0054007F;
			remoteInfo = StarDiaryApp;
		};
		35C7C8CB2D145C2F0054007F /* PBXContainerItemProxy */ = {
			isa = PBXContainerItemProxy;
			containerPortal = 35C7C8A82D145C2E0054007F /* Project object */;
			proxyType = 1;
			remoteGlobalIDString = 35C7C8AF2D145C2E0054007F;
			remoteInfo = StarDiaryApp;
		};
/* End PBXContainerItemProxy section */

/* Begin PBXFileReference section */
		35C7C8B02D145C2E0054007F /* StarDiaryApp.app */ = {isa = PBXFileReference; explicitFileType = wrapper.application; includeInIndex = 0; path = StarDiaryApp.app; sourceTree = BUILT_PRODUCTS_DIR; };
		35C7C8C02D145C2F0054007F /* StarDiaryAppTests.xctest */ = {isa = PBXFileReference; explicitFileType = wrapper.cfbundle; includeInIndex = 0; path = StarDiaryAppTests.xctest; sourceTree = BUILT_PRODUCTS_DIR; };
		35C7C8CA2D145C2F0054007F /* StarDiaryAppUITests.xctest */ = {isa = PBXFileReference; explicitFileType = wrapper.cfbundle; includeInIndex = 0; path = StarDiaryAppUITests.xctest; sourceTree = BUILT_PRODUCTS_DIR; };
/* End PBXFileReference section */

/* Begin PBXFileSystemSynchronizedRootGroup section */
		35C7C8B22D145C2E0054007F /* StarDiaryApp */ = {
			isa = PBXFileSystemSynchronizedRootGroup;
			path = StarDiaryApp;
			sourceTree = "<group>";
		};
		35C7C8C32D145C2F0054007F /* StarDiaryAppTests */ = {
			isa = PBXFileSystemSynchronizedRootGroup;
			path = StarDiaryAppTests;
			sourceTree = "<group>";
		};
		35C7C8CD2D145C2F0054007F /* StarDiaryAppUITests */ = {
			isa = PBXFileSystemSynchronizedRootGroup;
			path = StarDiaryAppUITests;
			sourceTree = "<group>";
		};
/* End PBXFileSystemSynchronizedRootGroup section */

/* Begin PBXFrameworksBuildPhase section */
		35C7C8AD2D145C2E0054007F /* Frameworks */ = {
			isa = PBXFrameworksBuildPhase;
			buildActionMask = 2147483647;
			files = (
			);
			runOnlyForDeploymentPostprocessing = 0;
		};
		35C7C8BD2D145C2F0054007F /* Frameworks */ = {
			isa = PBXFrameworksBuildPhase;
			buildActionMask = 2147483647;
			files = (
			);
			runOnlyForDeploymentPostprocessing = 0;
		};
		35C7C8C72D145C2F0054007F /* Frameworks */ = {
			isa = PBXFrameworksBuildPhase;
			buildActionMask = 2147483647;
			files = (
			);
			runOnlyForDeploymentPostprocessing = 0;
		};
/* End PBXFrameworksBuildPhase section */

/* Begin PBXGroup section */
		35C7C8A72D145C2E0054007F = {
			isa = PBXGroup;
			children = (
				35C7C8B22D145C2E0054007F /* StarDiaryApp */,
				35C7C8C32D145C2F0054007F /* StarDiaryAppTests */,
				35C7C8CD2D145C2F0054007F /* StarDiaryAppUITests */,
				35C7C8B12D145C2E0054007F /* Products */,
			);
			sourceTree = "<group>";
		};
		35C7C8B12D145C2E0054007F /* Products */ = {
			isa = PBXGroup;
			children = (
				35C7C8B02D145C2E0054007F /* StarDiaryApp.app */,
				35C7C8C02D145C2F0054007F /* StarDiaryAppTests.xctest */,
				35C7C8CA2D145C2F0054007F /* StarDiaryAppUITests.xctest */,
			);
			name = Products;
			sourceTree = "<group>";
		};
/* End PBXGroup section */

/* Begin PBXNativeTarget section */
		35C7C8AF2D145C2E0054007F /* StarDiaryApp */ = {
			isa = PBXNativeTarget;
			buildConfigurationList = 35C7C8D42D145C2F0054007F /* Build configuration list for PBXNativeTarget "StarDiaryApp" */;
			buildPhases = (
				35C7C8AC2D145C2E0054007F /* Sources */,
				35C7C8AD2D145C2E0054007F /* Frameworks */,
				35C7C8AE2D145C2E0054007F /* Resources */,
			);
			buildRules = (
			);
			dependencies = (
			);
			fileSystemSynchronizedGroups = (
				35C7C8B22D145C2E0054007F /* StarDiaryApp */,
			);
			name = StarDiaryApp;
			packageProductDependencies = (
			);
			productName = StarDiaryApp;
			productReference = 35C7C8B02D145C2E0054007F /* StarDiaryApp.app */;
			productType = "com.apple.product-type.application";
		};
		35C7C8BF2D145C2F0054007F /* StarDiaryAppTests */ = {
			isa = PBXNativeTarget;
			buildConfigurationList = 35C7C8D72D145C2F0054007F /* Build configuration list for PBXNativeTarget "StarDiaryAppTests" */;
			buildPhases = (
				35C7C8BC2D145C2F0054007F /* Sources */,
				35C7C8BD2D145C2F0054007F /* Frameworks */,
				35C7C8BE2D145C2F0054007F /* Resources */,
			);
			buildRules = (
			);
			dependencies = (
				35C7C8C22D145C2F0054007F /* PBXTargetDependency */,
			);
			fileSystemSynchronizedGroups = (
				35C7C8C32D145C2F0054007F /* StarDiaryAppTests */,
			);
			name = StarDiaryAppTests;
			packageProductDependencies = (
			);
			productName = StarDiaryAppTests;
			productReference = 35C7C8C02D145C2F0054007F /* StarDiaryAppTests.xctest */;
			productType = "com.apple.product-type.bundle.unit-test";
		};
		35C7C8C92D145C2F0054007F /* StarDiaryAppUITests */ = {
			isa = PBXNativeTarget;
			buildConfigurationList = 35C7C8DA2D145C2F0054007F /* Build configuration list for PBXNativeTarget "StarDiaryAppUITests" */;
			buildPhases = (
				35C7C8C62D145C2F0054007F /* Sources */,
				35C7C8C72D145C2F0054007F /* Frameworks */,
				35C7C8C82D145C2F0054007F /* Resources */,
			);
			buildRules = (
			);
			dependencies = (
				35C7C8CC2D145C2F0054007F /* PBXTargetDependency */,
			);
			fileSystemSynchronizedGroups = (
				35C7C8CD2D145C2F0054007F /* StarDiaryAppUITests */,
			);
			name = StarDiaryAppUITests;
			packageProductDependencies = (
			);
			productName = StarDiaryAppUITests;
			productReference = 35C7C8CA2D145C2F0054007F /* StarDiaryAppUITests.xctest */;
			productType = "com.apple.product-type.bundle.ui-testing";
		};
/* End PBXNativeTarget section */

/* Begin PBXProject section */
		35C7C8A82D145C2E0054007F /* Project object */ = {
			isa = PBXProject;
			attributes = {
				BuildIndependentTargetsInParallel = 1;
				LastSwiftUpdateCheck = 1620;
				LastUpgradeCheck = 1620;
				TargetAttributes = {
					35C7C8AF2D145C2E0054007F = {
						CreatedOnToolsVersion = 16.2;
					};
					35C7C8BF2D145C2F0054007F = {
						CreatedOnToolsVersion = 16.2;
						TestTargetID = 35C7C8AF2D145C2E0054007F;
					};
					35C7C8C92D145C2F0054007F = {
						CreatedOnToolsVersion = 16.2;
						TestTargetID = 35C7C8AF2D145C2E0054007F;
					};
				};
			};
			buildConfigurationList = 35C7C8AB2D145C2E0054007F /* Build configuration list for PBXProject "StarDiaryApp" */;
			developmentRegion = en;
			hasScannedForEncodings = 0;
			knownRegions = (
				en,
				Base,
			);
			mainGroup = 35C7C8A72D145C2E0054007F;
			minimizedProjectReferenceProxies = 1;
			preferredProjectObjectVersion = 77;
			productRefGroup = 35C7C8B12D145C2E0054007F /* Products */;
			projectDirPath = "";
			projectRoot = "";
			targets = (
				35C7C8AF2D145C2E0054007F /* StarDiaryApp */,
				35C7C8BF2D145C2F0054007F /* StarDiaryAppTests */,
				35C7C8C92D145C2F0054007F /* StarDiaryAppUITests */,
			);
		};
/* End PBXProject section */

/* Begin PBXResourcesBuildPhase section */
		35C7C8AE2D145C2E0054007F /* Resources */ = {
			isa = PBXResourcesBuildPhase;
			buildActionMask = 2147483647;
			files = (
			);
			runOnlyForDeploymentPostprocessing = 0;
		};
		35C7C8BE2D145C2F0054007F /* Resources */ = {
			isa = PBXResourcesBuildPhase;
			buildActionMask = 2147483647;
			files = (
			);
			runOnlyForDeploymentPostprocessing = 0;
		};
		35C7C8C82D145C2F0054007F /* Resources */ = {
			isa = PBXResourcesBuildPhase;
			buildActionMask = 2147483647;
			files = (
			);
			runOnlyForDeploymentPostprocessing = 0;
		};
/* End PBXResourcesBuildPhase section */

/* Begin PBXSourcesBuildPhase section */
		35C7C8AC2D145C2E0054007F /* Sources */ = {
			isa = PBXSourcesBuildPhase;
			buildActionMask = 2147483647;
			files = (
			);
			runOnlyForDeploymentPostprocessing = 0;
		};
		35C7C8BC2D145C2F0054007F /* Sources */ = {
			isa = PBXSourcesBuildPhase;
			buildActionMask = 2147483647;
			files = (
			);
			runOnlyForDeploymentPostprocessing = 0;
		};
		35C7C8C62D145C2F0054007F /* Sources */ = {
			isa = PBXSourcesBuildPhase;
			buildActionMask = 2147483647;
			files = (
			);
			runOnlyForDeploymentPostprocessing = 0;
		};
/* End PBXSourcesBuildPhase section */

/* Begin PBXTargetDependency section */
		35C7C8C22D145C2F0054007F /* PBXTargetDependency */ = {
			isa = PBXTargetDependency;
			target = 35C7C8AF2D145C2E0054007F /* StarDiaryApp */;
			targetProxy = 35C7C8C12D145C2F0054007F /* PBXContainerItemProxy */;
		};
		35C7C8CC2D145C2F0054007F /* PBXTargetDependency */ = {
			isa = PBXTargetDependency;
			target = 35C7C8AF2D145C2E0054007F /* StarDiaryApp */;
			targetProxy = 35C7C8CB2D145C2F0054007F /* PBXContainerItemProxy */;
		};
/* End PBXTargetDependency section */

/* Begin XCBuildConfiguration section */
		35C7C8D22D145C2F0054007F /* Debug */ = {
			isa = XCBuildConfiguration;
			buildSettings = {
				ALWAYS_SEARCH_USER_PATHS = NO;
				ASSETCATALOG_COMPILER_GENERATE_SWIFT_ASSET_SYMBOL_EXTENSIONS = YES;
				CLANG_ANALYZER_NONNULL = YES;
				CLANG_ANALYZER_NUMBER_OBJECT_CONVERSION = YES_AGGRESSIVE;
				CLANG_CXX_LANGUAGE_STANDARD = "gnu++20";
				CLANG_ENABLE_MODULES = YES;
				CLANG_ENABLE_OBJC_ARC = YES;
				CLANG_ENABLE_OBJC_WEAK = YES;
				CLANG_WARN_BLOCK_CAPTURE_AUTORELEASING = YES;
				CLANG_WARN_BOOL_CONVERSION = YES;
				CLANG_WARN_COMMA = YES;
				CLANG_WARN_CONSTANT_CONVERSION = YES;
				CLANG_WARN_DEPRECATED_OBJC_IMPLEMENTATIONS = YES;
				CLANG_WARN_DIRECT_OBJC_ISA_USAGE = YES_ERROR;
				CLANG_WARN_DOCUMENTATION_COMMENTS = YES;
				CLANG_WARN_EMPTY_BODY = YES;
				CLANG_WARN_ENUM_CONVERSION = YES;
				CLANG_WARN_INFINITE_RECURSION = YES;
				CLANG_WARN_INT_CONVERSION = YES;
				CLANG_WARN_NON_LITERAL_NULL_CONVERSION = YES;
				CLANG_WARN_OBJC_IMPLICIT_RETAIN_SELF = YES;
				CLANG_WARN_OBJC_LITERAL_CONVERSION = YES;
				CLANG_WARN_OBJC_ROOT_CLASS = YES_ERROR;
				CLANG_WARN_QUOTED_INCLUDE_IN_FRAMEWORK_HEADER = YES;
				CLANG_WARN_RANGE_LOOP_ANALYSIS = YES;
				CLANG_WARN_STRICT_PROTOTYPES = YES;
				CLANG_WARN_SUSPICIOUS_MOVE = YES;
				CLANG_WARN_UNGUARDED_AVAILABILITY = YES_AGGRESSIVE;
				CLANG_WARN_UNREACHABLE_CODE = YES;
				CLANG_WARN__DUPLICATE_METHOD_MATCH = YES;
				COPY_PHASE_STRIP = NO;
				DEBUG_INFORMATION_FORMAT = dwarf;
				ENABLE_STRICT_OBJC_MSGSEND = YES;
				ENABLE_TESTABILITY = YES;
				ENABLE_USER_SCRIPT_SANDBOXING = YES;
				GCC_C_LANGUAGE_STANDARD = gnu17;
				GCC_DYNAMIC_NO_PIC = NO;
				GCC_NO_COMMON_BLOCKS = YES;
				GCC_OPTIMIZATION_LEVEL = 0;
				GCC_PREPROCESSOR_DEFINITIONS = (
					"DEBUG=1",
					"$(inherited)",
				);
				GCC_WARN_64_TO_32_BIT_CONVERSION = YES;
				GCC_WARN_ABOUT_RETURN_TYPE = YES_ERROR;
				GCC_WARN_UNDECLARED_SELECTOR = YES;
				GCC_WARN_UNINITIALIZED_AUTOS = YES_AGGRESSIVE;
				GCC_WARN_UNUSED_FUNCTION = YES;
				GCC_WARN_UNUSED_VARIABLE = YES;
				IPHONEOS_DEPLOYMENT_TARGET = 18.2;
				LOCALIZATION_PREFERS_STRING_CATALOGS = YES;
				MTL_ENABLE_DEBUG_INFO = INCLUDE_SOURCE;
				MTL_FAST_MATH = YES;
				ONLY_ACTIVE_ARCH = YES;
				SDKROOT = iphoneos;
				SWIFT_ACTIVE_COMPILATION_CONDITIONS = "DEBUG $(inherited)";
				SWIFT_OPTIMIZATION_LEVEL = "-Onone";
			};
			name = Debug;
		};
		35C7C8D32D145C2F0054007F /* Release */ = {
			isa = XCBuildConfiguration;
			buildSettings = {
				ALWAYS_SEARCH_USER_PATHS = NO;
				ASSETCATALOG_COMPILER_GENERATE_SWIFT_ASSET_SYMBOL_EXTENSIONS = YES;
				CLANG_ANALYZER_NONNULL = YES;
				CLANG_ANALYZER_NUMBER_OBJECT_CONVERSION = YES_AGGRESSIVE;
				CLANG_CXX_LANGUAGE_STANDARD = "gnu++20";
				CLANG_ENABLE_MODULES = YES;
				CLANG_ENABLE_OBJC_ARC = YES;
				CLANG_ENABLE_OBJC_WEAK = YES;
				CLANG_WARN_BLOCK_CAPTURE_AUTORELEASING = YES;
				CLANG_WARN_BOOL_CONVERSION = YES;
				CLANG_WARN_COMMA = YES;
				CLANG_WARN_CONSTANT_CONVERSION = YES;
				CLANG_WARN_DEPRECATED_OBJC_IMPLEMENTATIONS = YES;
				CLANG_WARN_DIRECT_OBJC_ISA_USAGE = YES_ERROR;
				CLANG_WARN_DOCUMENTATION_COMMENTS = YES;
				CLANG_WARN_EMPTY_BODY = YES;
				CLANG_WARN_ENUM_CONVERSION = YES;
				CLANG_WARN_INFINITE_RECURSION = YES;
				CLANG_WARN_INT_CONVERSION = YES;
				CLANG_WARN_NON_LITERAL_NULL_CONVERSION = YES;
				CLANG_WARN_OBJC_IMPLICIT_RETAIN_SELF = YES;
				CLANG_WARN_OBJC_LITERAL_CONVERSION = YES;
				CLANG_WARN_OBJC_ROOT_CLASS = YES_ERROR;
				CLANG_WARN_QUOTED_INCLUDE_IN_FRAMEWORK_HEADER = YES;
				CLANG_WARN_RANGE_LOOP_ANALYSIS = YES;
				CLANG_WARN_STRICT_PROTOTYPES = YES;
				CLANG_WARN_SUSPICIOUS_MOVE = YES;
				CLANG_WARN_UNGUARDED_AVAILABILITY = YES_AGGRESSIVE;
				CLANG_WARN_UNREACHABLE_CODE = YES;
				CLANG_WARN__DUPLICATE_METHOD_MATCH = YES;
				COPY_PHASE_STRIP = NO;
				DEBUG_INFORMATION_FORMAT = "dwarf-with-dsym";
				ENABLE_NS_ASSERTIONS = NO;
				ENABLE_STRICT_OBJC_MSGSEND = YES;
				ENABLE_USER_SCRIPT_SANDBOXING = YES;
				GCC_C_LANGUAGE_STANDARD = gnu17;
				GCC_NO_COMMON_BLOCKS = YES;
				GCC_WARN_64_TO_32_BIT_CONVERSION = YES;
				GCC_WARN_ABOUT_RETURN_TYPE = YES_ERROR;
				GCC_WARN_UNDECLARED_SELECTOR = YES;
				GCC_WARN_UNINITIALIZED_AUTOS = YES_AGGRESSIVE;
				GCC_WARN_UNUSED_FUNCTION = YES;
				GCC_WARN_UNUSED_VARIABLE = YES;
				IPHONEOS_DEPLOYMENT_TARGET = 18.2;
				LOCALIZATION_PREFERS_STRING_CATALOGS = YES;
				MTL_ENABLE_DEBUG_INFO = NO;
				MTL_FAST_MATH = YES;
				SDKROOT = iphoneos;
				SWIFT_COMPILATION_MODE = wholemodule;
				VALIDATE_PRODUCT = YES;
			};
			name = Release;
		};
		35C7C8D52D145C2F0054007F /* Debug */ = {
			isa = XCBuildConfiguration;
			buildSettings = {
				ASSETCATALOG_COMPILER_APPICON_NAME = AppIcon;
				ASSETCATALOG_COMPILER_GLOBAL_ACCENT_COLOR_NAME = AccentColor;
				CODE_SIGN_STYLE = Automatic;
				CURRENT_PROJECT_VERSION = 1;
				DEVELOPMENT_ASSET_PATHS = "\"StarDiaryApp/Preview Content\"";
				ENABLE_PREVIEWS = YES;
				GENERATE_INFOPLIST_FILE = YES;
				INFOPLIST_KEY_UIApplicationSceneManifest_Generation = YES;
				INFOPLIST_KEY_UIApplicationSupportsIndirectInputEvents = YES;
				INFOPLIST_KEY_UILaunchScreen_Generation = YES;
				INFOPLIST_KEY_UISupportedInterfaceOrientations_iPad = "UIInterfaceOrientationPortrait UIInterfaceOrientationPortraitUpsideDown UIInterfaceOrientationLandscapeLeft UIInterfaceOrientationLandscapeRight";
				INFOPLIST_KEY_UISupportedInterfaceOrientations_iPhone = "UIInterfaceOrientationPortrait UIInterfaceOrientationLandscapeLeft UIInterfaceOrientationLandscapeRight";
				LD_RUNPATH_SEARCH_PATHS = (
					"$(inherited)",
					"@executable_path/Frameworks",
				);
				MARKETING_VERSION = 1.0;
				PRODUCT_BUNDLE_IDENTIFIER = com.yaokai.StarDiaryApp;
				PRODUCT_NAME = "$(TARGET_NAME)";
				SWIFT_EMIT_LOC_STRINGS = YES;
				SWIFT_VERSION = 5.0;
				TARGETED_DEVICE_FAMILY = "1,2";
			};
			name = Debug;
		};
		35C7C8D62D145C2F0054007F /* Release */ = {
			isa = XCBuildConfiguration;
			buildSettings = {
				ASSETCATALOG_COMPILER_APPICON_NAME = AppIcon;
				ASSETCATALOG_COMPILER_GLOBAL_ACCENT_COLOR_NAME = AccentColor;
				CODE_SIGN_STYLE = Automatic;
				CURRENT_PROJECT_VERSION = 1;
				DEVELOPMENT_ASSET_PATHS = "\"StarDiaryApp/Preview Content\"";
				ENABLE_PREVIEWS = YES;
				GENERATE_INFOPLIST_FILE = YES;
				INFOPLIST_KEY_UIApplicationSceneManifest_Generation = YES;
				INFOPLIST_KEY_UIApplicationSupportsIndirectInputEvents = YES;
				INFOPLIST_KEY_UILaunchScreen_Generation = YES;
				INFOPLIST_KEY_UISupportedInterfaceOrientations_iPad = "UIInterfaceOrientationPortrait UIInterfaceOrientationPortraitUpsideDown UIInterfaceOrientationLandscapeLeft UIInterfaceOrientationLandscapeRight";
				INFOPLIST_KEY_UISupportedInterfaceOrientations_iPhone = "UIInterfaceOrientationPortrait UIInterfaceOrientationLandscapeLeft UIInterfaceOrientationLandscapeRight";
				LD_RUNPATH_SEARCH_PATHS = (
					"$(inherited)",
					"@executable_path/Frameworks",
				);
				MARKETING_VERSION = 1.0;
				PRODUCT_BUNDLE_IDENTIFIER = com.yaokai.StarDiaryApp;
				PRODUCT_NAME = "$(TARGET_NAME)";
				SWIFT_EMIT_LOC_STRINGS = YES;
				SWIFT_VERSION = 5.0;
				TARGETED_DEVICE_FAMILY = "1,2";
			};
			name = Release;
		};
		35C7C8D82D145C2F0054007F /* Debug */ = {
			isa = XCBuildConfiguration;
			buildSettings = {
				BUNDLE_LOADER = "$(TEST_HOST)";
				CODE_SIGN_STYLE = Automatic;
				CURRENT_PROJECT_VERSION = 1;
				GENERATE_INFOPLIST_FILE = YES;
				IPHONEOS_DEPLOYMENT_TARGET = 18.2;
				MARKETING_VERSION = 1.0;
				PRODUCT_BUNDLE_IDENTIFIER = com.yaokai.StarDiaryAppTests;
				PRODUCT_NAME = "$(TARGET_NAME)";
				SWIFT_EMIT_LOC_STRINGS = NO;
				SWIFT_VERSION = 5.0;
				TARGETED_DEVICE_FAMILY = "1,2";
				TEST_HOST = "$(BUILT_PRODUCTS_DIR)/StarDiaryApp.app/$(BUNDLE_EXECUTABLE_FOLDER_PATH)/StarDiaryApp";
			};
			name = Debug;
		};
		35C7C8D92D145C2F0054007F /* Release */ = {
			isa = XCBuildConfiguration;
			buildSettings = {
				BUNDLE_LOADER = "$(TEST_HOST)";
				CODE_SIGN_STYLE = Automatic;
				CURRENT_PROJECT_VERSION = 1;
				GENERATE_INFOPLIST_FILE = YES;
				IPHONEOS_DEPLOYMENT_TARGET = 18.2;
				MARKETING_VERSION = 1.0;
				PRODUCT_BUNDLE_IDENTIFIER = com.yaokai.StarDiaryAppTests;
				PRODUCT_NAME = "$(TARGET_NAME)";
				SWIFT_EMIT_LOC_STRINGS = NO;
				SWIFT_VERSION = 5.0;
				TARGETED_DEVICE_FAMILY = "1,2";
				TEST_HOST = "$(BUILT_PRODUCTS_DIR)/StarDiaryApp.app/$(BUNDLE_EXECUTABLE_FOLDER_PATH)/StarDiaryApp";
			};
			name = Release;
		};
		35C7C8DB2D145C2F0054007F /* Debug */ = {
			isa = XCBuildConfiguration;
			buildSettings = {
				CODE_SIGN_STYLE = Automatic;
				CURRENT_PROJECT_VERSION = 1;
				GENERATE_INFOPLIST_FILE = YES;
				MARKETING_VERSION = 1.0;
				PRODUCT_BUNDLE_IDENTIFIER = com.yaokai.StarDiaryAppUITests;
				PRODUCT_NAME = "$(TARGET_NAME)";
				SWIFT_EMIT_LOC_STRINGS = NO;
				SWIFT_VERSION = 5.0;
				TARGETED_DEVICE_FAMILY = "1,2";
				TEST_TARGET_NAME = StarDiaryApp;
			};
			name = Debug;
		};
		35C7C8DC2D145C2F0054007F /* Release */ = {
			isa = XCBuildConfiguration;
			buildSettings = {
				CODE_SIGN_STYLE = Automatic;
				CURRENT_PROJECT_VERSION = 1;
				GENERATE_INFOPLIST_FILE = YES;
				MARKETING_VERSION = 1.0;
				PRODUCT_BUNDLE_IDENTIFIER = com.yaokai.StarDiaryAppUITests;
				PRODUCT_NAME = "$(TARGET_NAME)";
				SWIFT_EMIT_LOC_STRINGS = NO;
				SWIFT_VERSION = 5.0;
				TARGETED_DEVICE_FAMILY = "1,2";
				TEST_TARGET_NAME = StarDiaryApp;
			};
			name = Release;
		};
/* End XCBuildConfiguration section */

/* Begin XCConfigurationList section */
		35C7C8AB2D145C2E0054007F /* Build configuration list for PBXProject "StarDiaryApp" */ = {
			isa = XCConfigurationList;
			buildConfigurations = (
				35C7C8D22D145C2F0054007F /* Debug */,
				35C7C8D32D145C2F0054007F /* Release */,
			);
			defaultConfigurationIsVisible = 0;
			defaultConfigurationName = Release;
		};
		35C7C8D42D145C2F0054007F /* Build configuration list for PBXNativeTarget "StarDiaryApp" */ = {
			isa = XCConfigurationList;
			buildConfigurations = (
				35C7C8D52D145C2F0054007F /* Debug */,
				35C7C8D62D145C2F0054007F /* Release */,
			);
			defaultConfigurationIsVisible = 0;
			defaultConfigurationName = Release;
		};
		35C7C8D72D145C2F0054007F /* Build configuration list for PBXNativeTarget "StarDiaryAppTests" */ = {
			isa = XCConfigurationList;
			buildConfigurations = (
				35C7C8D82D145C2F0054007F /* Debug */,
				35C7C8D92D145C2F0054007F /* Release */,
			);
			defaultConfigurationIsVisible = 0;
			defaultConfigurationName = Release;
		};
		35C7C8DA2D145C2F0054007F /* Build configuration list for PBXNativeTarget "StarDiaryAppUITests" */ = {
			isa = XCConfigurationList;
			buildConfigurations = (
				35C7C8DB2D145C2F0054007F /* Debug */,
				35C7C8DC2D145C2F0054007F /* Release */,
			);
			defaultConfigurationIsVisible = 0;
			defaultConfigurationName = Release;
		};
/* End XCConfigurationList section */
	};
	rootObject = 35C7C8A82D145C2E0054007F /* Project object */;
}
